
Microsoft Visual Studio Solution File, Format Version 12.00
# Visual Studio Version 17
VisualStudioVersion = 17.0.32112.339
MinimumVisualStudioVersion = 10.0.40219.1
Project("{FAE04EC0-301F-11D3-BF4B-00C04F79EFBC}") = "TenPostAsync", "TenPostAsync\TenPostAsync.csproj", "{8EB1968F-BD6D-4D55-91EE-282869E3F4F4}"
EndProject
Global
	GlobalSection(SolutionConfigurationPlatforms) = preSolution
		Debug|Any CPU = Debug|Any CPU
		Release|Any CPU = Release|Any CPU
	EndGlobalSection
	GlobalSection(ProjectConfigurationPlatforms) = postSolution
		{8EB1968F-BD6D-4D55-91EE-282869E3F4F4}.Debug|Any CPU.ActiveCfg = Debug|Any CPU
		{8EB1968F-BD6D-4D55-91EE-282869E3F4F4}.Debug|Any CPU.Build.0 = Debug|Any CPU
		{8EB1968F-BD6D-4D55-91EE-282869E3F4F4}.Release|Any CPU.ActiveCfg = Release|Any CPU
		{8EB1968F-BD6D-4D55-91EE-282869E3F4F4}.Release|Any CPU.Build.0 = Release|Any CPU
	EndGlobalSection
	GlobalSection(SolutionProperties) = preSolution
		HideSolutionNode = FALSE
	EndGlobalSection
	GlobalSection(ExtensibilityGlobals) = postSolution
		SolutionGuid = {0DC675F9-EF7E-4652-86E6-CCCE4EB130CA}
	EndGlobalSection
EndGlobal
